
Microsoft Visual Studio Solution File, Format Version 12.00
# Visual Studio Version 17
VisualStudioVersion = 17.7.34024.191
MinimumVisualStudioVersion = 10.0.40219.1
Project("{8BC9CEB8-8B4A-11D0-8D11-00A0C91BC942}") = "classActivity1", "classActivity1\classActivity1.vcxproj", "{30296CB8-6EF2-4B2F-82F2-2E2F4B39BB48}"
EndProject
Global
	GlobalSection(SolutionConfigurationPlatforms) = preSolution
		Debug|x64 = Debug|x64
		Debug|x86 = Debug|x86
		Release|x64 = Release|x64
		Release|x86 = Release|x86
	EndGlobalSection
	GlobalSection(ProjectConfigurationPlatforms) = postSolution
		{30296CB8-6EF2-4B2F-82F2-2E2F4B39BB48}.Debug|x64.ActiveCfg = Debug|x64
		{30296CB8-6EF2-4B2F-82F2-2E2F4B39BB48}.Debug|x64.Build.0 = Debug|x64
		{30296CB8-6EF2-4B2F-82F2-2E2F4B39BB48}.Debug|x86.ActiveCfg = Debug|Win32
		{30296CB8-6EF2-4B2F-82F2-2E2F4B39BB48}.Debug|x86.Build.0 = Debug|Win32
		{30296CB8-6EF2-4B2F-82F2-2E2F4B39BB48}.Release|x64.ActiveCfg = Release|x64
		{30296CB8-6EF2-4B2F-82F2-2E2F4B39BB48}.Release|x64.Build.0 = Release|x64
		{30296CB8-6EF2-4B2F-82F2-2E2F4B39BB48}.Release|x86.ActiveCfg = Release|Win32
		{30296CB8-6EF2-4B2F-82F2-2E2F4B39BB48}.Release|x86.Build.0 = Release|Win32
	EndGlobalSection
	GlobalSection(SolutionProperties) = preSolution
		HideSolutionNode = FALSE
	EndGlobalSection
	GlobalSection(ExtensibilityGlobals) = postSolution
		SolutionGuid = {A84D7876-B228-41AA-8818-F762C770746D}
	EndGlobalSection
EndGlobal
